github.com/davecgh/go-spew v1.1.1 h1:vj9j/u1bqnvCEfJOwUhtlOARqs3+rkHYY13jYWTU97c=
github.com/davecgh/go-spew v1.1.1/go.mod h1:J7Y8YcW2NihsgmVo/mv3lAwl/skON4iLHjSsI+c5H38=
github.com/fatih/structs v1.1.0 h1:Q7juDM0QtcnhCpeyLGQKyg4TOIghuNXrkL32pHAUMxo=
github.com/fatih/structs v1.1.0/go.mod h1:9NiDSp5zOcgEDl+j00MP/WkGVPOlPRLejGD8Ga6PJ7M=
github.com/kr/pretty v0.3.1 h1:flRD4NNwYAUpkphVc1HcthR4KEIFJ65n8Mw5qdRn3LE=
github.com/kr/text v0.2.0 h1:5Nx0Ya0ZqY2ygV366QzturHI13Jq95ApcVaJBhpS+AY=
github.com/mitchellh/mapstructure v1.5.0 h1:jeMsZIYE/09sWLaz43PL7Gy6RuMjD2eJVyuac5Z2hdY=
github.com/mitchellh/mapstructure v1.5.0/go.mod h1:bFUtVrKA4DC2yAKiSyO/QUcy7e+RRV2QTWOzhPopBRo=
github.com/pefish/go-commander v0.6.2 h1:m8wVRcEinENGkdLgYR26F8f3ZJJ8GWQcKLv/KlbjhFw=
github.com/pefish/go-commander v0.6.2/go.mod h1:ojUHP/D5gluvNmRcmrKuZcs+WvbYZmaJpbvbxzf/Umo=
github.com/pefish/go-commander v0.7.0 h1:kxHO5G9/n4ITD50jhBPnahMM7Yl4esHs1J3+sCOOKro=
github.com/pefish/go-commander v0.7.0/go.mod h1:cogPu5bhqWU3vWXB8k5ioUMLMShIfedQo4yc5Q0t1Uo=
github.com/pefish/go-commander v0.7.1 h1:9PnA0IJWjzWqLi0KoXAZqRiWy73YhgVoIKn0i2frCDw=
github.com/pefish/go-commander v0.7.1/go.mod h1:cogPu5bhqWU3vWXB8k5ioUMLMShIfedQo4yc5Q0t1Uo=
github.com/pefish/go-commander v0.7.2 h1:YpIrPSIHoMl4Iszzdvf9iVPrX5QvyVXyLjIi0oTYxa8=
github.com/pefish/go-commander v0.7.2/go.mod h1:cogPu5bhqWU3vWXB8k5ioUMLMShIfedQo4yc5Q0t1Uo=
github.com/pefish/go-commander v0.7.3 h1:k1PcsZOjVxw80do8YPt+28Yp6A+rGf5oIpdsWSDxO5E=
github.com/pefish/go-commander v0.7.3/go.mod h1:cogPu5bhqWU3vWXB8k5ioUMLMShIfedQo4yc5Q0t1Uo=
github.com/pefish/go-config v0.4.0 h1:kxQ8vU5iLUzd09ALZjViqWhkqBCjTHOU6FR/l6t3lBo=
github.com/pefish/go-config v0.4.0/go.mod h1:ZyhAhUtRSkFG1DhJ3nFnuzGKr/Is+7pvYHtPKEejTn0=
github.com/pefish/go-config v0.4.6 h1:lB5h+9vGdN5yuZ1UxNaT+GnkRLuUY36OlUv+uvjcBro=
github.com/pefish/go-config v0.4.6/go.mod h1:/i2YmQtHd2W9za6ihVJU9k6Fpk4I/QzQ1Qx0BL0Adzk=
github.com/pefish/go-format v0.3.2 h1:0MihBkCV8WdY5GmHiaCAJnzbgv25mFmUcfnmumdSKrA=
github.com/pefish/go-format v0.3.2/go.mod h1:rI2ykz+2t8VattiNtK1yxm0KwsBOJTyPOMwSFblW62A=
github.com/pefish/go-logger v0.5.6 h1:eAsk4iOZp/9fh5Rz/uRjtidNXBh4ovrgIHEkb/K297c=
github.com/pefish/go-logger v0.5.6/go.mod h1:Bj/z0Fz57Yvj+06UNKyqO461MFbj1Oxvtbo0bfVL79s=
github.com/pefish/go-shell v0.1.1 h1:KrQ1AsGj4S2yXKd1TmQI8KDVZeoOdHk9JLIo6P9gdlE=
github.com/pefish/go-shell v0.1.1/go.mod h1:bsdtTFbQbHxTp8IlvIjDY8Eb5WUKDNQjuLEzidwHzv0=
github.com/pefish/go-task-driver v0.2.3 h1:h88ZO4v5cBndZdaxDucB9yJJM0vdDf9vAQ6lA/6ciU8=
github.com/pefish/go-task-driver v0.2.3/go.mod h1:wT3yVq14BccR+tg1W95qUbgDtmwykjFM2BmjWyCv8fM=
github.com/pefish/go-test v0.0.4 h1:s1RmZWe91K1MtENJUcl7CjGUFK/TmleZ5h3OkHq/BTI=
github.com/pefish/go-test-assert v0.0.2 h1:AuEJxG99DsFb9+qSUnSEWJDlTn0gf1PmGkKcOUAFAjw=
github.com/pefish/go-time v0.3.3 h1:9hEatuz3X+h2hGKzxFYhxiMka3QJvPpbeuiWx7q5gUY=
github.com/pefish/go-time v0.3.3/go.mod h1:QO6RKtlUBbbOGEoJEZA/+vmQvfBdavAMP09ROZhTV0Q=
github.com/pkg/errors v0.9.1 h1:FEBLx1zS214owpjy7qsBeixbURkuhQAwrK5UwLGTwt4=
github.com/pkg/errors v0.9.1/go.mod h1:bwawxfHBFNV+L2hUp1rHADufV3IMtnDRdf1r5NINEl0=
github.com/pmezard/go-difflib v1.0.0 h1:4DBwDE0NGyQoBHbLQYPwSUPoCMWR5BEzIk/f1lZbAQM=
github.com/pmezard/go-difflib v1.0.0/go.mod h1:iKH77koFhYxTK1pcRnkKkqfTogsbg7gZNVY4sRDYZ/4=
github.com/rogpeppe/go-internal v1.12.0 h1:exVL4IDcn6na9z1rAb56Vxr+CgyK3nn3O+epU5NdKM8=
github.com/stretchr/testify v1.8.1 h1:w7B6lhMri9wdJUVmEZPGGhZzrYTPvgJArz7wNPgYKsk=
go.uber.org/goleak v1.3.0 h1:2K3zAYmnTNqV73imy9J1T3WC+gmCePx2hEGkimedGto=
go.uber.org/multierr v1.11.0 h1:blXXJkSxSSfBVBlC76pxqeO+LN3aDfLQo+309xJstO0=
go.uber.org/multierr v1.11.0/go.mod h1:20+QtiLqy0Nd6FdQB9TLXag12DsQkrbs3htMFfDN80Y=
go.uber.org/zap v1.27.0 h1:aJMhYGrd5QSmlpLMr2MftRKl7t8J8PTZPA732ud/XR8=
go.uber.org/zap v1.27.0/go.mod h1:GB2qFLM7cTU87MWRP2mPIjqfIDnGu+VIO4V/SdhGo2E=
gopkg.in/check.v1 v0.0.0-20161208181325-20d25e280405/go.mod h1:Co6ibVJAznAaIkqp8huTwlJQCZ016jof/cbN4VW5Yz0=
gopkg.in/check.v1 v1.0.0-20201130134442-10cb98267c6c h1:Hei/4ADfdWqJk1ZMxUNpqntNwaWcugrBjAiHlqqRiVk=
gopkg.in/yaml.v2 v2.4.0 h1:D8xgwECY7CYvx+Y2n4sBz93Jn9JRvxdiyyo8CTfuKaY=
gopkg.in/yaml.v2 v2.4.0/go.mod h1:RDklbk79AGWmwhnvt/jBztapEOGDOx6ZbXqjP6csGnQ=
gopkg.in/yaml.v3 v3.0.1 h1:fxVm/GzAzEWqLHuvctI91KS9hhNmmWOoWu0XTYJS7CA=
